// !$*UTF8*$!
{
	archiveVersion = 1;
	classes = {
	};
	objectVersion = 56;
	objects = {

/* Begin PBXBuildFile section */
		CFEC3EFD295E6CFD00D77FE3 /* AppDelegate.swift in Sources */ = {isa = PBXBuildFile; fileRef = CFEC3EFC295E6CFD00D77FE3 /* AppDelegate.swift */; };
		CFEC3EFF295E6CFD00D77FE3 /* SceneDelegate.swift in Sources */ = {isa = PBXBuildFile; fileRef = CFEC3EFE295E6CFD00D77FE3 /* SceneDelegate.swift */; };
		CFEC3F01295E6CFD00D77FE3 /* ViewController.swift in Sources */ = {isa = PBXBuildFile; fileRef = CFEC3F00295E6CFD00D77FE3 /* ViewController.swift */; };
		CFEC3F04295E6CFD00D77FE3 /* Main.storyboard in Resources */ = {isa = PBXBuildFile; fileRef = CFEC3F02295E6CFD00D77FE3 /* Main.storyboard */; };
		CFEC3F06295E6CFE00D77FE3 /* Assets.xcassets in Resources */ = {isa = PBXBuildFile; fileRef = CFEC3F05295E6CFE00D77FE3 /* Assets.xcassets */; };
		CFEC3F09295E6CFE00D77FE3 /* LaunchScreen.storyboard in Resources */ = {isa = PBXBuildFile; fileRef = CFEC3F07295E6CFE00D77FE3 /* LaunchScreen.storyboard */; };
		CFEC3F14295E6CFE00D77FE3 /* arrayTestTests.swift in Sources */ = {isa = PBXBuildFile; fileRef = CFEC3F13295E6CFE00D77FE3 /* arrayTestTests.swift */; };
		CFEC3F1E295E6CFE00D77FE3 /* arrayTestUITests.swift in Sources */ = {isa = PBXBuildFile; fileRef = CFEC3F1D295E6CFE00D77FE3 /* arrayTestUITests.swift */; };
		CFEC3F20295E6CFE00D77FE3 /* arrayTestUITestsLaunchTests.swift in Sources */ = {isa = PBXBuildFile; fileRef = CFEC3F1F295E6CFE00D77FE3 /* arrayTestUITestsLaunchTests.swift */; };
/* End PBXBuildFile section */

/* Begin PBXContainerItemProxy section */
		CFEC3F10295E6CFE00D77FE3 /* PBXContainerItemProxy */ = {
			isa = PBXContainerItemProxy;
			containerPortal = CFEC3EF1295E6CFD00D77FE3 /* Project object */;
			proxyType = 1;
			remoteGlobalIDString = CFEC3EF8295E6CFD00D77FE3;
			remoteInfo = arrayTest;
		};
		CFEC3F1A295E6CFE00D77FE3 /* PBXContainerItemProxy */ = {
			isa = PBXContainerItemProxy;
			containerPortal = CFEC3EF1295E6CFD00D77FE3 /* Project object */;
			proxyType = 1;
			remoteGlobalIDString = CFEC3EF8295E6CFD00D77FE3;
			remoteInfo = arrayTest;
		};
/* End PBXContainerItemProxy section */

/* Begin PBXFileReference section */
		CFEC3EF9295E6CFD00D77FE3 /* arrayTest.app */ = {isa = PBXFileReference; explicitFileType = wrapper.application; includeInIndex = 0; path = arrayTest.app; sourceTree = BUILT_PRODUCTS_DIR; };
		CFEC3EFC295E6CFD00D77FE3 /* AppDelegate.swift */ = {isa = PBXFileReference; lastKnownFileType = sourcecode.swift; path = AppDelegate.swift; sourceTree = "<group>"; };
		CFEC3EFE295E6CFD00D77FE3 /* SceneDelegate.swift */ = {isa = PBXFileReference; lastKnownFileType = sourcecode.swift; path = SceneDelegate.swift; sourceTree = "<group>"; };
		CFEC3F00295E6CFD00D77FE3 /* ViewController.swift */ = {isa = PBXFileReference; lastKnownFileType = sourcecode.swift; path = ViewController.swift; sourceTree = "<group>"; };
		CFEC3F03295E6CFD00D77FE3 /* Base */ = {isa = PBXFileReference; lastKnownFileType = file.storyboard; name = Base; path = Base.lproj/Main.storyboard; sourceTree = "<group>"; };
		CFEC3F05295E6CFE00D77FE3 /* Assets.xcassets */ = {isa = PBXFileReference; lastKnownFileType = folder.assetcatalog; path = Assets.xcassets; sourceTree = "<group>"; };
		CFEC3F08295E6CFE00D77FE3 /* Base */ = {isa = PBXFileReference; lastKnownFileType = file.storyboard; name = Base; path = Base.lproj/LaunchScreen.storyboard; sourceTree = "<group>"; };
		CFEC3F0A295E6CFE00D77FE3 /* Info.plist */ = {isa = PBXFileReference; lastKnownFileType = text.plist.xml; path = Info.plist; sourceTree = "<group>"; };
		CFEC3F0F295E6CFE00D77FE3 /* arrayTestTests.xctest */ = {isa = PBXFileReference; explicitFileType = wrapper.cfbundle; includeInIndex = 0; path = arrayTestTests.xctest; sourceTree = BUILT_PRODUCTS_DIR; };
		CFEC3F13295E6CFE00D77FE3 /* arrayTestTests.swift */ = {isa = PBXFileReference; lastKnownFileType = sourcecode.swift; path = arrayTestTests.swift; sourceTree = "<group>"; };
		CFEC3F19295E6CFE00D77FE3 /* arrayTestUITests.xctest */ = {isa = PBXFileReference; explicitFileType = wrapper.cfbundle; includeInIndex = 0; path = arrayTestUITests.xctest; sourceTree = BUILT_PRODUCTS_DIR; };
		CFEC3F1D295E6CFE00D77FE3 /* arrayTestUITests.swift */ = {isa = PBXFileReference; lastKnownFileType = sourcecode.swift; path = arrayTestUITests.swift; sourceTree = "<group>"; };
		CFEC3F1F295E6CFE00D77FE3 /* arrayTestUITestsLaunchTests.swift */ = {isa = PBXFileReference; lastKnownFileType = sourcecode.swift; path = arrayTestUITestsLaunchTests.swift; sourceTree = "<group>"; };
/* End PBXFileReference section */

/* Begin PBXFrameworksBuildPhase section */
		CFEC3EF6295E6CFD00D77FE3 /* Frameworks */ = {
			isa = PBXFrameworksBuildPhase;
			buildActionMask = 2147483647;
			files = (
			);
			runOnlyForDeploymentPostprocessing = 0;
		};
		CFEC3F0C295E6CFE00D77FE3 /* Frameworks */ = {
			isa = PBXFrameworksBuildPhase;
			buildActionMask = 2147483647;
			files = (
			);
			runOnlyForDeploymentPostprocessing = 0;
		};
		CFEC3F16295E6CFE00D77FE3 /* Frameworks */ = {
			isa = PBXFrameworksBuildPhase;
			buildActionMask = 2147483647;
			files = (
			);
			runOnlyForDeploymentPostprocessing = 0;
		};
/* End PBXFrameworksBuildPhase section */

/* Begin PBXGroup section */
		CFEC3EF0295E6CFD00D77FE3 = {
			isa = PBXGroup;
			children = (
				CFEC3EFB295E6CFD00D77FE3 /* arrayTest */,
				CFEC3F12295E6CFE00D77FE3 /* arrayTestTests */,
				CFEC3F1C295E6CFE00D77FE3 /* arrayTestUITests */,
				CFEC3EFA295E6CFD00D77FE3 /* Products */,
			);
			sourceTree = "<group>";
		};
		CFEC3EFA295E6CFD00D77FE3 /* Products */ = {
			isa = PBXGroup;
			children = (
				CFEC3EF9295E6CFD00D77FE3 /* arrayTest.app */,
				CFEC3F0F295E6CFE00D77FE3 /* arrayTestTests.xctest */,
				CFEC3F19295E6CFE00D77FE3 /* arrayTestUITests.xctest */,
			);
			name = Products;
			sourceTree = "<group>";
		};
		CFEC3EFB295E6CFD00D77FE3 /* arrayTest */ = {
			isa = PBXGroup;
			children = (
				CFEC3EFC295E6CFD00D77FE3 /* AppDelegate.swift */,
				CFEC3EFE295E6CFD00D77FE3 /* SceneDelegate.swift */,
				CFEC3F00295E6CFD00D77FE3 /* ViewController.swift */,
				CFEC3F02295E6CFD00D77FE3 /* Main.storyboard */,
				CFEC3F05295E6CFE00D77FE3 /* Assets.xcassets */,
				CFEC3F07295E6CFE00D77FE3 /* LaunchScreen.storyboard */,
				CFEC3F0A295E6CFE00D77FE3 /* Info.plist */,
			);
			path = arrayTest;
			sourceTree = "<group>";
		};
		CFEC3F12295E6CFE00D77FE3 /* arrayTestTests */ = {
			isa = PBXGroup;
			children = (
				CFEC3F13295E6CFE00D77FE3 /* arrayTestTests.swift */,
			);
			path = arrayTestTests;
			sourceTree = "<group>";
		};
		CFEC3F1C295E6CFE00D77FE3 /* arrayTestUITests */ = {
			isa = PBXGroup;
			children = (
				CFEC3F1D295E6CFE00D77FE3 /* arrayTestUITests.swift */,
				CFEC3F1F295E6CFE00D77FE3 /* arrayTestUITestsLaunchTests.swift */,
			);
			path = arrayTestUITests;
			sourceTree = "<group>";
		};
/* End PBXGroup section */

/* Begin PBXNativeTarget section */
		CFEC3EF8295E6CFD00D77FE3 /* arrayTest */ = {
			isa = PBXNativeTarget;
			buildConfigurationList = CFEC3F23295E6CFE00D77FE3 /* Build configuration list for PBXNativeTarget "arrayTest" */;
			buildPhases = (
				CFEC3EF5295E6CFD00D77FE3 /* Sources */,
				CFEC3EF6295E6CFD00D77FE3 /* Frameworks */,
				CFEC3EF7295E6CFD00D77FE3 /* Resources */,
			);
			buildRules = (
			);
			dependencies = (
			);
			name = arrayTest;
			productName = arrayTest;
			productReference = CFEC3EF9295E6CFD00D77FE3 /* arrayTest.app */;
			productType = "com.apple.product-type.application";
		};
		CFEC3F0E295E6CFE00D77FE3 /* arrayTestTests */ = {
			isa = PBXNativeTarget;
			buildConfigurationList = CFEC3F26295E6CFE00D77FE3 /* Build configuration list for PBXNativeTarget "arrayTestTests" */;
			buildPhases = (
				CFEC3F0B295E6CFE00D77FE3 /* Sources */,
				CFEC3F0C295E6CFE00D77FE3 /* Frameworks */,
				CFEC3F0D295E6CFE00D77FE3 /* Resources */,
			);
			buildRules = (
			);
			dependencies = (
				CFEC3F11295E6CFE00D77FE3 /* PBXTargetDependency */,
			);
			name = arrayTestTests;
			productName = arrayTestTests;
			productReference = CFEC3F0F295E6CFE00D77FE3 /* arrayTestTests.xctest */;
			productType = "com.apple.product-type.bundle.unit-test";
		};
		CFEC3F18295E6CFE00D77FE3 /* arrayTestUITests */ = {
			isa = PBXNativeTarget;
			buildConfigurationList = CFEC3F29295E6CFE00D77FE3 /* Build configuration list for PBXNativeTarget "arrayTestUITests" */;
			buildPhases = (
				CFEC3F15295E6CFE00D77FE3 /* Sources */,
				CFEC3F16295E6CFE00D77FE3 /* Frameworks */,
				CFEC3F17295E6CFE00D77FE3 /* Resources */,
			);
			buildRules = (
			);
			dependencies = (
				CFEC3F1B295E6CFE00D77FE3 /* PBXTargetDependency */,
			);
			name = arrayTestUITests;
			productName = arrayTestUITests;
			productReference = CFEC3F19295E6CFE00D77FE3 /* arrayTestUITests.xctest */;
			productType = "com.apple.product-type.bundle.ui-testing";
		};
/* End PBXNativeTarget section */

/* Begin PBXProject section */
		CFEC3EF1295E6CFD00D77FE3 /* Project object */ = {
			isa = PBXProject;
			attributes = {
				BuildIndependentTargetsInParallel = 1;
				LastSwiftUpdateCheck = 1420;
				LastUpgradeCheck = 1420;
				TargetAttributes = {
					CFEC3EF8295E6CFD00D77FE3 = {
						CreatedOnToolsVersion = 14.2;
					};
					CFEC3F0E295E6CFE00D77FE3 = {
						CreatedOnToolsVersion = 14.2;
						TestTargetID = CFEC3EF8295E6CFD00D77FE3;
					};
					CFEC3F18295E6CFE00D77FE3 = {
						CreatedOnToolsVersion = 14.2;
						TestTargetID = CFEC3EF8295E6CFD00D77FE3;
					};
				};
			};
			buildConfigurationList = CFEC3EF4295E6CFD00D77FE3 /* Build configuration list for PBXProject "arrayTest" */;
			compatibilityVersion = "Xcode 14.0";
			developmentRegion = en;
			hasScannedForEncodings = 0;
			knownRegions = (
				en,
				Base,
			);
			mainGroup = CFEC3EF0295E6CFD00D77FE3;
			productRefGroup = CFEC3EFA295E6CFD00D77FE3 /* Products */;
			projectDirPath = "";
			projectRoot = "";
			targets = (
				CFEC3EF8295E6CFD00D77FE3 /* arrayTest */,
				CFEC3F0E295E6CFE00D77FE3 /* arrayTestTests */,
				CFEC3F18295E6CFE00D77FE3 /* arrayTestUITests */,
			);
		};
/* End PBXProject section */

/* Begin PBXResourcesBuildPhase section */
		CFEC3EF7295E6CFD00D77FE3 /* Resources */ = {
			isa = PBXResourcesBuildPhase;
			buildActionMask = 2147483647;
			files = (
				CFEC3F09295E6CFE00D77FE3 /* LaunchScreen.storyboard in Resources */,
				CFEC3F06295E6CFE00D77FE3 /* Assets.xcassets in Resources */,
				CFEC3F04295E6CFD00D77FE3 /* Main.storyboard in Resources */,
			);
			runOnlyForDeploymentPostprocessing = 0;
		};
		CFEC3F0D295E6CFE00D77FE3 /* Resources */ = {
			isa = PBXResourcesBuildPhase;
			buildActionMask = 2147483647;
			files = (
			);
			runOnlyForDeploymentPostprocessing = 0;
		};
		CFEC3F17295E6CFE00D77FE3 /* Resources */ = {
			isa = PBXResourcesBuildPhase;
			buildActionMask = 2147483647;
			files = (
			);
			runOnlyForDeploymentPostprocessing = 0;
		};
/* End PBXResourcesBuildPhase section */

/* Begin PBXSourcesBuildPhase section */
		CFEC3EF5295E6CFD00D77FE3 /* Sources */ = {
			isa = PBXSourcesBuildPhase;
			buildActionMask = 2147483647;
			files = (
				CFEC3F01295E6CFD00D77FE3 /* ViewController.swift in Sources */,
				CFEC3EFD295E6CFD00D77FE3 /* AppDelegate.swift in Sources */,
				CFEC3EFF295E6CFD00D77FE3 /* SceneDelegate.swift in Sources */,
			);
			runOnlyForDeploymentPostprocessing = 0;
		};
		CFEC3F0B295E6CFE00D77FE3 /* Sources */ = {
			isa = PBXSourcesBuildPhase;
			buildActionMask = 2147483647;
			files = (
				CFEC3F14295E6CFE00D77FE3 /* arrayTestTests.swift in Sources */,
			);
			runOnlyForDeploymentPostprocessing = 0;
		};
		CFEC3F15295E6CFE00D77FE3 /* Sources */ = {
			isa = PBXSourcesBuildPhase;
			buildActionMask = 2147483647;
			files = (
				CFEC3F20295E6CFE00D77FE3 /* arrayTestUITestsLaunchTests.swift in Sources */,
				CFEC3F1E295E6CFE00D77FE3 /* arrayTestUITests.swift in Sources */,
			);
			runOnlyForDeploymentPostprocessing = 0;
		};
/* End PBXSourcesBuildPhase section */

/* Begin PBXTargetDependency section */
		CFEC3F11295E6CFE00D77FE3 /* PBXTargetDependency */ = {
			isa = PBXTargetDependency;
			target = CFEC3EF8295E6CFD00D77FE3 /* arrayTest */;
			targetProxy = CFEC3F10295E6CFE00D77FE3 /* PBXContainerItemProxy */;
		};
		CFEC3F1B295E6CFE00D77FE3 /* PBXTargetDependency */ = {
			isa = PBXTargetDependency;
			target = CFEC3EF8295E6CFD00D77FE3 /* arrayTest */;
			targetProxy = CFEC3F1A295E6CFE00D77FE3 /* PBXContainerItemProxy */;
		};
/* End PBXTargetDependency section */

/* Begin PBXVariantGroup section */
		CFEC3F02295E6CFD00D77FE3 /* Main.storyboard */ = {
			isa = PBXVariantGroup;
			children = (
				CFEC3F03295E6CFD00D77FE3 /* Base */,
			);
			name = Main.storyboard;
			sourceTree = "<group>";
		};
		CFEC3F07295E6CFE00D77FE3 /* LaunchScreen.storyboard */ = {
			isa = PBXVariantGroup;
			children = (
				CFEC3F08295E6CFE00D77FE3 /* Base */,
			);
			name = LaunchScreen.storyboard;
			sourceTree = "<group>";
		};
/* End PBXVariantGroup section */

/* Begin XCBuildConfiguration section */
		CFEC3F21295E6CFE00D77FE3 /* Debug */ = {
			isa = XCBuildConfiguration;
			buildSettings = {
				ALWAYS_SEARCH_USER_PATHS = NO;
				CLANG_ANALYZER_NONNULL = YES;
				CLANG_ANALYZER_NUMBER_OBJECT_CONVERSION = YES_AGGRESSIVE;
				CLANG_CXX_LANGUAGE_STANDARD = "gnu++20";
				CLANG_ENABLE_MODULES = YES;
				CLANG_ENABLE_OBJC_ARC = YES;
				CLANG_ENABLE_OBJC_WEAK = YES;
				CLANG_WARN_BLOCK_CAPTURE_AUTORELEASING = YES;
				CLANG_WARN_BOOL_CONVERSION = YES;
				CLANG_WARN_COMMA = YES;
				CLANG_WARN_CONSTANT_CONVERSION = YES;
				CLANG_WARN_DEPRECATED_OBJC_IMPLEMENTATIONS = YES;
				CLANG_WARN_DIRECT_OBJC_ISA_USAGE = YES_ERROR;
				CLANG_WARN_DOCUMENTATION_COMMENTS = YES;
				CLANG_WARN_EMPTY_BODY = YES;
				CLANG_WARN_ENUM_CONVERSION = YES;
				CLANG_WARN_INFINITE_RECURSION = YES;
				CLANG_WARN_INT_CONVERSION = YES;
				CLANG_WARN_NON_LITERAL_NULL_CONVERSION = YES;
				CLANG_WARN_OBJC_IMPLICIT_RETAIN_SELF = YES;
				CLANG_WARN_OBJC_LITERAL_CONVERSION = YES;
				CLANG_WARN_OBJC_ROOT_CLASS = YES_ERROR;
				CLANG_WARN_QUOTED_INCLUDE_IN_FRAMEWORK_HEADER = YES;
				CLANG_WARN_RANGE_LOOP_ANALYSIS = YES;
				CLANG_WARN_STRICT_PROTOTYPES = YES;
				CLANG_WARN_SUSPICIOUS_MOVE = YES;
				CLANG_WARN_UNGUARDED_AVAILABILITY = YES_AGGRESSIVE;
				CLANG_WARN_UNREACHABLE_CODE = YES;
				CLANG_WARN__DUPLICATE_METHOD_MATCH = YES;
				COPY_PHASE_STRIP = NO;
				DEBUG_INFORMATION_FORMAT = dwarf;
				ENABLE_STRICT_OBJC_MSGSEND = YES;
				ENABLE_TESTABILITY = YES;
				GCC_C_LANGUAGE_STANDARD = gnu11;
				GCC_DYNAMIC_NO_PIC = NO;
				GCC_NO_COMMON_BLOCKS = YES;
				GCC_OPTIMIZATION_LEVEL = 0;
				GCC_PREPROCESSOR_DEFINITIONS = (
					"DEBUG=1",
					"$(inherited)",
				);
				GCC_WARN_64_TO_32_BIT_CONVERSION = YES;
				GCC_WARN_ABOUT_RETURN_TYPE = YES_ERROR;
				GCC_WARN_UNDECLARED_SELECTOR = YES;
				GCC_WARN_UNINITIALIZED_AUTOS = YES_AGGRESSIVE;
				GCC_WARN_UNUSED_FUNCTION = YES;
				GCC_WARN_UNUSED_VARIABLE = YES;
				IPHONEOS_DEPLOYMENT_TARGET = 16.2;
				MTL_ENABLE_DEBUG_INFO = INCLUDE_SOURCE;
				MTL_FAST_MATH = YES;
				ONLY_ACTIVE_ARCH = YES;
				SDKROOT = iphoneos;
				SWIFT_ACTIVE_COMPILATION_CONDITIONS = DEBUG;
				SWIFT_OPTIMIZATION_LEVEL = "-Onone";
			};
			name = Debug;
		};
		CFEC3F22295E6CFE00D77FE3 /* Release */ = {
			isa = XCBuildConfiguration;
			buildSettings = {
				ALWAYS_SEARCH_USER_PATHS = NO;
				CLANG_ANALYZER_NONNULL = YES;
				CLANG_ANALYZER_NUMBER_OBJECT_CONVERSION = YES_AGGRESSIVE;
				CLANG_CXX_LANGUAGE_STANDARD = "gnu++20";
				CLANG_ENABLE_MODULES = YES;
				CLANG_ENABLE_OBJC_ARC = YES;
				CLANG_ENABLE_OBJC_WEAK = YES;
				CLANG_WARN_BLOCK_CAPTURE_AUTORELEASING = YES;
				CLANG_WARN_BOOL_CONVERSION = YES;
				CLANG_WARN_COMMA = YES;
				CLANG_WARN_CONSTANT_CONVERSION = YES;
				CLANG_WARN_DEPRECATED_OBJC_IMPLEMENTATIONS = YES;
				CLANG_WARN_DIRECT_OBJC_ISA_USAGE = YES_ERROR;
				CLANG_WARN_DOCUMENTATION_COMMENTS = YES;
				CLANG_WARN_EMPTY_BODY = YES;
				CLANG_WARN_ENUM_CONVERSION = YES;
				CLANG_WARN_INFINITE_RECURSION = YES;
				CLANG_WARN_INT_CONVERSION = YES;
				CLANG_WARN_NON_LITERAL_NULL_CONVERSION = YES;
				CLANG_WARN_OBJC_IMPLICIT_RETAIN_SELF = YES;
				CLANG_WARN_OBJC_LITERAL_CONVERSION = YES;
				CLANG_WARN_OBJC_ROOT_CLASS = YES_ERROR;
				CLANG_WARN_QUOTED_INCLUDE_IN_FRAMEWORK_HEADER = YES;
				CLANG_WARN_RANGE_LOOP_ANALYSIS = YES;
				CLANG_WARN_STRICT_PROTOTYPES = YES;
				CLANG_WARN_SUSPICIOUS_MOVE = YES;
				CLANG_WARN_UNGUARDED_AVAILABILITY = YES_AGGRESSIVE;
				CLANG_WARN_UNREACHABLE_CODE = YES;
				CLANG_WARN__DUPLICATE_METHOD_MATCH = YES;
				COPY_PHASE_STRIP = NO;
				DEBUG_INFORMATION_FORMAT = "dwarf-with-dsym";
				ENABLE_NS_ASSERTIONS = NO;
				ENABLE_STRICT_OBJC_MSGSEND = YES;
				GCC_C_LANGUAGE_STANDARD = gnu11;
				GCC_NO_COMMON_BLOCKS = YES;
				GCC_WARN_64_TO_32_BIT_CONVERSION = YES;
				GCC_WARN_ABOUT_RETURN_TYPE = YES_ERROR;
				GCC_WARN_UNDECLARED_SELECTOR = YES;
				GCC_WARN_UNINITIALIZED_AUTOS = YES_AGGRESSIVE;
				GCC_WARN_UNUSED_FUNCTION = YES;
				GCC_WARN_UNUSED_VARIABLE = YES;
				IPHONEOS_DEPLOYMENT_TARGET = 16.2;
				MTL_ENABLE_DEBUG_INFO = NO;
				MTL_FAST_MATH = YES;
				SDKROOT = iphoneos;
				SWIFT_COMPILATION_MODE = wholemodule;
				SWIFT_OPTIMIZATION_LEVEL = "-O";
				VALIDATE_PRODUCT = YES;
			};
			name = Release;
		};
		CFEC3F24295E6CFE00D77FE3 /* Debug */ = {
			isa = XCBuildConfiguration;
			buildSettings = {
				ASSETCATALOG_COMPILER_APPICON_NAME = AppIcon;
				ASSETCATALOG_COMPILER_GLOBAL_ACCENT_COLOR_NAME = AccentColor;
				CODE_SIGN_STYLE = Automatic;
				CURRENT_PROJECT_VERSION = 1;
				DEVELOPMENT_TEAM = RJV4XZ4DH6;
				GENERATE_INFOPLIST_FILE = YES;
				INFOPLIST_FILE = arrayTest/Info.plist;
				INFOPLIST_KEY_UIApplicationSupportsIndirectInputEvents = YES;
				INFOPLIST_KEY_UILaunchStoryboardName = LaunchScreen;
				INFOPLIST_KEY_UIMainStoryboardFile = Main;
				INFOPLIST_KEY_UISupportedInterfaceOrientations_iPad = "UIInterfaceOrientationPortrait UIInterfaceOrientationPortraitUpsideDown UIInterfaceOrientationLandscapeLeft UIInterfaceOrientationLandscapeRight";
				INFOPLIST_KEY_UISupportedInterfaceOrientations_iPhone = "UIInterfaceOrientationPortrait UIInterfaceOrientationLandscapeLeft UIInterfaceOrientationLandscapeRight";
				LD_RUNPATH_SEARCH_PATHS = (
					"$(inherited)",
					"@executable_path/Frameworks",
				);
				MARKETING_VERSION = 1.0;
				PRODUCT_BUNDLE_IDENTIFIER = leejunhyeob.arrayTest;
				PRODUCT_NAME = "$(TARGET_NAME)";
				SWIFT_EMIT_LOC_STRINGS = YES;
				SWIFT_VERSION = 5.0;
				TARGETED_DEVICE_FAMILY = "1,2";
			};
			name = Debug;
		};
		CFEC3F25295E6CFE00D77FE3 /* Release */ = {
			isa = XCBuildConfiguration;
			buildSettings = {
				ASSETCATALOG_COMPILER_APPICON_NAME = AppIcon;
				ASSETCATALOG_COMPILER_GLOBAL_ACCENT_COLOR_NAME = AccentColor;
				CODE_SIGN_STYLE = Automatic;
				CURRENT_PROJECT_VERSION = 1;
				DEVELOPMENT_TEAM = RJV4XZ4DH6;
				GENERATE_INFOPLIST_FILE = YES;
				INFOPLIST_FILE = arrayTest/Info.plist;
				INFOPLIST_KEY_UIApplicationSupportsIndirectInputEvents = YES;
				INFOPLIST_KEY_UILaunchStoryboardName = LaunchScreen;
				INFOPLIST_KEY_UIMainStoryboardFile = Main;
				INFOPLIST_KEY_UISupportedInterfaceOrientations_iPad = "UIInterfaceOrientationPortrait UIInterfaceOrientationPortraitUpsideDown UIInterfaceOrientationLandscapeLeft UIInterfaceOrientationLandscapeRight";
				INFOPLIST_KEY_UISupportedInterfaceOrientations_iPhone = "UIInterfaceOrientationPortrait UIInterfaceOrientationLandscapeLeft UIInterfaceOrientationLandscapeRight";
				LD_RUNPATH_SEARCH_PATHS = (
					"$(inherited)",
					"@executable_path/Frameworks",
				);
				MARKETING_VERSION = 1.0;
				PRODUCT_BUNDLE_IDENTIFIER = leejunhyeob.arrayTest;
				PRODUCT_NAME = "$(TARGET_NAME)";
				SWIFT_EMIT_LOC_STRINGS = YES;
				SWIFT_VERSION = 5.0;
				TARGETED_DEVICE_FAMILY = "1,2";
			};
			name = Release;
		};
		CFEC3F27295E6CFE00D77FE3 /* Debug */ = {
			isa = XCBuildConfiguration;
			buildSettings = {
				ALWAYS_EMBED_SWIFT_STANDARD_LIBRARIES = YES;
				BUNDLE_LOADER = "$(TEST_HOST)";
				CODE_SIGN_STYLE = Automatic;
				CURRENT_PROJECT_VERSION = 1;
				DEVELOPMENT_TEAM = RJV4XZ4DH6;
				GENERATE_INFOPLIST_FILE = YES;
				IPHONEOS_DEPLOYMENT_TARGET = 16.2;
				MARKETING_VERSION = 1.0;
				PRODUCT_BUNDLE_IDENTIFIER = leejunhyeob.arrayTestTests;
				PRODUCT_NAME = "$(TARGET_NAME)";
				SWIFT_EMIT_LOC_STRINGS = NO;
				SWIFT_VERSION = 5.0;
				TARGETED_DEVICE_FAMILY = "1,2";
				TEST_HOST = "$(BUILT_PRODUCTS_DIR)/arrayTest.app/$(BUNDLE_EXECUTABLE_FOLDER_PATH)/arrayTest";
			};
			name = Debug;
		};
		CFEC3F28295E6CFE00D77FE3 /* Release */ = {
			isa = XCBuildConfiguration;
			buildSettings = {
				ALWAYS_EMBED_SWIFT_STANDARD_LIBRARIES = YES;
				BUNDLE_LOADER = "$(TEST_HOST)";
				CODE_SIGN_STYLE = Automatic;
				CURRENT_PROJECT_VERSION = 1;
				DEVELOPMENT_TEAM = RJV4XZ4DH6;
				GENERATE_INFOPLIST_FILE = YES;
				IPHONEOS_DEPLOYMENT_TARGET = 16.2;
				MARKETING_VERSION = 1.0;
				PRODUCT_BUNDLE_IDENTIFIER = leejunhyeob.arrayTestTests;
				PRODUCT_NAME = "$(TARGET_NAME)";
				SWIFT_EMIT_LOC_STRINGS = NO;
				SWIFT_VERSION = 5.0;
				TARGETED_DEVICE_FAMILY = "1,2";
				TEST_HOST = "$(BUILT_PRODUCTS_DIR)/arrayTest.app/$(BUNDLE_EXECUTABLE_FOLDER_PATH)/arrayTest";
			};
			name = Release;
		};
		CFEC3F2A295E6CFE00D77FE3 /* Debug */ = {
			isa = XCBuildConfiguration;
			buildSettings = {
				ALWAYS_EMBED_SWIFT_STANDARD_LIBRARIES = YES;
				CODE_SIGN_STYLE = Automatic;
				CURRENT_PROJECT_VERSION = 1;
				DEVELOPMENT_TEAM = RJV4XZ4DH6;
				GENERATE_INFOPLIST_FILE = YES;
				MARKETING_VERSION = 1.0;
				PRODUCT_BUNDLE_IDENTIFIER = leejunhyeob.arrayTestUITests;
				PRODUCT_NAME = "$(TARGET_NAME)";
				SWIFT_EMIT_LOC_STRINGS = NO;
				SWIFT_VERSION = 5.0;
				TARGETED_DEVICE_FAMILY = "1,2";
				TEST_TARGET_NAME = arrayTest;
			};
			name = Debug;
		};
		CFEC3F2B295E6CFE00D77FE3 /* Release */ = {
			isa = XCBuildConfiguration;
			buildSettings = {
				ALWAYS_EMBED_SWIFT_STANDARD_LIBRARIES = YES;
				CODE_SIGN_STYLE = Automatic;
				CURRENT_PROJECT_VERSION = 1;
				DEVELOPMENT_TEAM = RJV4XZ4DH6;
				GENERATE_INFOPLIST_FILE = YES;
				MARKETING_VERSION = 1.0;
				PRODUCT_BUNDLE_IDENTIFIER = leejunhyeob.arrayTestUITests;
				PRODUCT_NAME = "$(TARGET_NAME)";
				SWIFT_EMIT_LOC_STRINGS = NO;
				SWIFT_VERSION = 5.0;
				TARGETED_DEVICE_FAMILY = "1,2";
				TEST_TARGET_NAME = arrayTest;
			};
			name = Release;
		};
/* End XCBuildConfiguration section */

/* Begin XCConfigurationList section */
		CFEC3EF4295E6CFD00D77FE3 /* Build configuration list for PBXProject "arrayTest" */ = {
			isa = XCConfigurationList;
			buildConfigurations = (
				CFEC3F21295E6CFE00D77FE3 /* Debug */,
				CFEC3F22295E6CFE00D77FE3 /* Release */,
			);
			defaultConfigurationIsVisible = 0;
			defaultConfigurationName = Release;
		};
		CFEC3F23295E6CFE00D77FE3 /* Build configuration list for PBXNativeTarget "arrayTest" */ = {
			isa = XCConfigurationList;
			buildConfigurations = (
				CFEC3F24295E6CFE00D77FE3 /* Debug */,
				CFEC3F25295E6CFE00D77FE3 /* Release */,
			);
			defaultConfigurationIsVisible = 0;
			defaultConfigurationName = Release;
		};
		CFEC3F26295E6CFE00D77FE3 /* Build configuration list for PBXNativeTarget "arrayTestTests" */ = {
			isa = XCConfigurationList;
			buildConfigurations = (
				CFEC3F27295E6CFE00D77FE3 /* Debug */,
				CFEC3F28295E6CFE00D77FE3 /* Release */,
			);
			defaultConfigurationIsVisible = 0;
			defaultConfigurationName = Release;
		};
		CFEC3F29295E6CFE00D77FE3 /* Build configuration list for PBXNativeTarget "arrayTestUITests" */ = {
			isa = XCConfigurationList;
			buildConfigurations = (
				CFEC3F2A295E6CFE00D77FE3 /* Debug */,
				CFEC3F2B295E6CFE00D77FE3 /* Release */,
			);
			defaultConfigurationIsVisible = 0;
			defaultConfigurationName = Release;
		};
/* End XCConfigurationList section */
	};
	rootObject = CFEC3EF1295E6CFD00D77FE3 /* Project object */;
}
